{
  "name": "egg-ajv",
  "version": "1.0.0",
  "lockfileVersion": 1,
  "requires": true,
  "dependencies": {
    "ajv-errors": {
      "version": "1.0.0",
      "resolved": "http://registry.npm.taobao.org/ajv-errors/download/ajv-errors-1.0.0.tgz",
      "integrity": "sha1-7PAh+hCP0X37Xms4Py3SM+Mf/Fk="
    }
  }
}
